
Microsoft Visual Studio Solution File, Format Version 12.00
# Visual Studio Version 17
VisualStudioVersion = 17.12.35527.113 d17.12
MinimumVisualStudioVersion = 10.0.40219.1
Project("{FAE04EC0-301F-11D3-BF4B-00C04F79EFBC}") = "SimpleCounterApp", "SimpleCounterApp.csproj", "{DBE245A4-993C-49CD-8FC9-705960539386}"
EndProject
Global
	GlobalSection(SolutionConfigurationPlatforms) = preSolution
		Debug|Any CPU = Debug|Any CPU
		Release|Any CPU = Release|Any CPU
	EndGlobalSection
	GlobalSection(ProjectConfigurationPlatforms) = postSolution
		{DBE245A4-993C-49CD-8FC9-705960539386}.Debug|Any CPU.ActiveCfg = Debug|Any CPU
		{DBE245A4-993C-49CD-8FC9-705960539386}.Debug|Any CPU.Build.0 = Debug|Any CPU
		{DBE245A4-993C-49CD-8FC9-705960539386}.Release|Any CPU.ActiveCfg = Release|Any CPU
		{DBE245A4-993C-49CD-8FC9-705960539386}.Release|Any CPU.Build.0 = Release|Any CPU
	EndGlobalSection
	GlobalSection(SolutionProperties) = preSolution
		HideSolutionNode = FALSE
	EndGlobalSection
EndGlobal
